
Microsoft Visual Studio Solution File, Format Version 12.00
# Visual Studio Version 17
VisualStudioVersion = 17.2.32516.85
MinimumVisualStudioVersion = 10.0.40219.1
Project("{00D1A9C2-B5F0-4AF3-8072-F6C62B433612}") = "Customer Database", "Customer Database\Customer Database.sqlproj", "{640B304D-1463-463F-BC77-3B090852A9A6}"
EndProject
Global
	GlobalSection(SolutionConfigurationPlatforms) = preSolution
		Debug|Any CPU = Debug|Any CPU
		Release|Any CPU = Release|Any CPU
	EndGlobalSection
	GlobalSection(ProjectConfigurationPlatforms) = postSolution
		{640B304D-1463-463F-BC77-3B090852A9A6}.Debug|Any CPU.ActiveCfg = Debug|Any CPU
		{640B304D-1463-463F-BC77-3B090852A9A6}.Debug|Any CPU.Build.0 = Debug|Any CPU
		{640B304D-1463-463F-BC77-3B090852A9A6}.Debug|Any CPU.Deploy.0 = Debug|Any CPU
		{640B304D-1463-463F-BC77-3B090852A9A6}.Release|Any CPU.ActiveCfg = Release|Any CPU
		{640B304D-1463-463F-BC77-3B090852A9A6}.Release|Any CPU.Build.0 = Release|Any CPU
		{640B304D-1463-463F-BC77-3B090852A9A6}.Release|Any CPU.Deploy.0 = Release|Any CPU
	EndGlobalSection
	GlobalSection(SolutionProperties) = preSolution
		HideSolutionNode = FALSE
	EndGlobalSection
	GlobalSection(ExtensibilityGlobals) = postSolution
		SolutionGuid = {91A79C80-866E-4866-851B-55F19AE4D09D}
	EndGlobalSection
EndGlobal
